// !$*UTF8*$!
{
	archiveVersion = 1;
	classes = {
	};
	objectVersion = 54;
	objects = {

/* Begin PBXBuildFile section */
		0606875593120BC38493C1E0 /* Cell.swift in Sources */ = {isa = PBXBuildFile; fileRef = E2F3DA45E7694551DEEFA6F5 /* Cell.swift */; };
		0B22235F8B087F10A8C4A962 /* GroupListItem.swift in Sources */ = {isa = PBXBuildFile; fileRef = 1384B27B30CF0FE17962B66F /* GroupListItem.swift */; };
		0E1F4539D228B41BF254E120 /* GroupList.swift in Sources */ = {isa = PBXBuildFile; fileRef = DE2D8A38CDA5E1EA29759D3E /* GroupList.swift */; };
		107150351CB8F585F9DBE023 /* Layout.swift in Sources */ = {isa = PBXBuildFile; fileRef = 8BE7157E8358BD83641702AD /* Layout.swift */; };
		12A2A02B2B7C1DCC3F8762C4 /* AppButton.swift in Sources */ = {isa = PBXBuildFile; fileRef = E36A0907C0CF11E9783D53FB /* AppButton.swift */; };
		13BCCC89E28C0FC6B2308C6C /* SummaryCardView.swift in Sources */ = {isa = PBXBuildFile; fileRef = BD534E7B115B6495F8904031 /* SummaryCardView.swift */; };
		174C53D2052016DCBFE1AFCC /* Grid.swift in Sources */ = {isa = PBXBuildFile; fileRef = E28CDDC930696CE27921502D /* Grid.swift */; };
		198B5ECCC1B507ABFE82269C /* ActionSheetView.swift in Sources */ = {isa = PBXBuildFile; fileRef = 452574082DBEB5BC4E325F49 /* ActionSheetView.swift */; };
		A1B2C3D4E5F6A7B8C9D0E1F2 /* DialogView.swift in Sources */ = {isa = PBXBuildFile; fileRef = B2C3D4E5F6A7B8C9D0E1F2A3 /* DialogView.swift */; };
		A1B2C3D4E5F6A7B8C9D0E1F3 /* DragListView.swift in Sources */ = {isa = PBXBuildFile; fileRef = B2C3D4E5F6A7B8C9D0E1F2A4 /* DragListView.swift */; };
		1EB05D2B72FE2F73026A8AB6 /* TabsView.swift in Sources */ = {isa = PBXBuildFile; fileRef = 8F17F2603BDDFC72B15C7406 /* TabsView.swift */; };
		1ED78C57736500A4B1917AF0 /* TextAreaView.swift in Sources */ = {isa = PBXBuildFile; fileRef = 8746B5BDA005206398294244 /* TextAreaView.swift */; };
		1F0CE2342A174F4717DC0FA2 /* DemoMocks.swift in Sources */ = {isa = PBXBuildFile; fileRef = 25465F7307A8D784A68E80C1 /* DemoMocks.swift */; };
		22FF1D0AF3CDF525669996F2 /* Charts in Frameworks */ = {isa = PBXBuildFile; productRef = A1BB258859A836B00224FD3E /* Charts */; };
		286F72795C5D0F38B4ADEDCD /* MockAPIClient.swift in Sources */ = {isa = PBXBuildFile; fileRef = F34F3AD98F674E7DA1E575E8 /* MockAPIClient.swift */; };
		E1F2A3B4C5D6E7F8A9B0C1D2 /* InfiniteLoadingView.swift in Sources */ = {isa = PBXBuildFile; fileRef = F2A3B4C5D6E7F8A9B0C1D2E3 /* InfiniteLoadingView.swift */; };
		E1F2A3B4C5D6E7F8A9B0C1D5 /* LoadingView.swift in Sources */ = {isa = PBXBuildFile; fileRef = F2A3B4C5D6E7F8A9B0C1D6 /* LoadingView.swift */; };
		E1F2A3B4C5D6E7F8A9B0C1D7 /* NoticeBarView.swift in Sources */ = {isa = PBXBuildFile; fileRef = F2A3B4C5D6E7F8A9B0C1D8 /* NoticeBarView.swift */; };
		E1F2A3B4C5D6E7F8A9B0C1D9 /* NotifyView.swift in Sources */ = {isa = PBXBuildFile; fileRef = F2A3B4C5D6E7F8A9B0C1DA /* NotifyView.swift */; };
		E1F2A3B4C5D6E7F8A9B0C1DB /* PopoverView.swift in Sources */ = {isa = PBXBuildFile; fileRef = F2A3B4C5D6E7F8A9B0C1DC /* PopoverView.swift */; };
		E1F2A3B4C5D6E7F8A9B0C1DD /* PopupView.swift in Sources */ = {isa = PBXBuildFile; fileRef = F2A3B4C5D6E7F8A9B0C1DE /* PopupView.swift */; };
		E1F2A3B4C5D6E7F8A9B0C1DF /* ResultPageView.swift in Sources */ = {isa = PBXBuildFile; fileRef = F2A3B4C5D6E7F8A9B0C1E0 /* ResultPageView.swift */; };
		E3F4B5C6D7E8F9A0B1C2D3E1 /* SkeletonView.swift in Sources */ = {isa = PBXBuildFile; fileRef = F4B5C6D7E8F9A0B1C2D3E4 /* SkeletonView.swift */; };
		2AE7010DEAB2D58E00E89317 /* BackTopButton.swift in Sources */ = {isa = PBXBuildFile; fileRef = 538FFA7C6388387E57FC73DC /* BackTopButton.swift */; };
		2B5949F9894171578AEE0C72 /* PullRefreshView.swift in Sources */ = {isa = PBXBuildFile; fileRef = 978BB17F3FAD3ECDAB39B58A /* PullRefreshView.swift */; };
		2DBC2739FEC773B4182DE481 /* FixedNavView.swift in Sources */ = {isa = PBXBuildFile; fileRef = 5AC9266A5D4C33CE081B49CC /* FixedNavView.swift */; };
		2E488BD04070D0F5517AB7B0 /* SwitchView.swift in Sources */ = {isa = PBXBuildFile; fileRef = CDCEEB6836B6C1BBAD969F6F /* SwitchView.swift */; };
		42D988768ED66983174C0FC9 /* InputView.swift in Sources */ = {isa = PBXBuildFile; fileRef = CDB7319C2E239CA64A7B33A2 /* InputView.swift */; };
		5777E2BB1E9B4D66D6BD7D1C /* AppTokens.swift in Sources */ = {isa = PBXBuildFile; fileRef = DB12EE14F6BAC9025495CA13 /* AppTokens.swift */; };
		58505B9DCE25391BB7C4FEB3 /* FormView.swift in Sources */ = {isa = PBXBuildFile; fileRef = 18222E000163BEB383209515 /* FormView.swift */; };
		5A56CCEB59E3697DAE2F2DC0 /* ZodiacAvatarView.swift in Sources */ = {isa = PBXBuildFile; fileRef = 5C72A9BFFF678CD83092A62D /* ZodiacAvatarView.swift */; };
		5C6F236DD1355D59DB9EBF78 /* WebContentViewController.swift in Sources */ = {isa = PBXBuildFile; fileRef = 7EDD760398DE0D5C4A9C5997 /* WebContentViewController.swift */; };
		5FCD3AEEF0DF02926A7F4B94 /* NavBar.swift in Sources */ = {isa = PBXBuildFile; fileRef = 8F3D282267864AB86708A7FC /* NavBar.swift */; };
		636E8C175ABF21B6AE0573AB /* TabbarView.swift in Sources */ = {isa = PBXBuildFile; fileRef = E68BFD488162143861BA49FE /* TabbarView.swift */; };
		6753220B8C6D7CFE662C0BFC /* PickerView.swift in Sources */ = {isa = PBXBuildFile; fileRef = 8E836CB28AC03E3ED99EEF45 /* PickerView.swift */; };
		77784848AE80919C6DF2812A /* Alamofire in Frameworks */ = {isa = PBXBuildFile; productRef = A1937672A8F1834D8E28B01B /* Alamofire */; };
		7867E75E0807F965C4EFBFFE /* Divider.swift in Sources */ = {isa = PBXBuildFile; fileRef = 8FED4353597E9B842647F56A /* Divider.swift */; };
		79C43BC8AB52D09DA37CCEA6 /* StickyView.swift in Sources */ = {isa = PBXBuildFile; fileRef = 56144D3FE8D7F55AA21E1D9D /* StickyView.swift */; };
		79F91CCE9C91D490B72977B7 /* PeriodTabsView.swift in Sources */ = {isa = PBXBuildFile; fileRef = BB0DF74002674A3001F64995 /* PeriodTabsView.swift */; };
		7B18F5455AC4A01E246B4C16 /* RadioView.swift in Sources */ = {isa = PBXBuildFile; fileRef = E32A3437FCD933CB7DF38C59 /* RadioView.swift */; };
		829D9756DCAA7943139F2477 /* BadgeView.swift in Sources */ = {isa = PBXBuildFile; fileRef = 3A83A10A8BD3164B98F399AD /* BadgeView.swift */; };
		894133E493AF6AC796F7417C /* Formatters.swift in Sources */ = {isa = PBXBuildFile; fileRef = 45B2561A62A1FAF93C38C686 /* Formatters.swift */; };
		901CA5C72516E25D9A29BC5D /* SearchBarView.swift in Sources */ = {isa = PBXBuildFile; fileRef = C32327C945EC42E11816BC78 /* SearchBarView.swift */; };
		98E3DABFEB8F8122ADB5D016 /* RateView.swift in Sources */ = {isa = PBXBuildFile; fileRef = 1C1401D5C427D8A4826690B1 /* RateView.swift */; };
		999A4F9080E1EC566009EA15 /* TrendChartView.swift in Sources */ = {isa = PBXBuildFile; fileRef = 81B80152CEECE8827364A421 /* TrendChartView.swift */; };
		9C7D3CAF77F36BDF9C450798 /* SignatureView.swift in Sources */ = {isa = PBXBuildFile; fileRef = 5CF31B70A12CD4631183B369 /* SignatureView.swift */; };
		A1671D4FAE88DA5E6F34F1C5 /* CascaderView.swift in Sources */ = {isa = PBXBuildFile; fileRef = 7137A0598437E37E1681916D /* CascaderView.swift */; };
		A574AF3025E01091510DBD32 /* AppDelegate.swift in Sources */ = {isa = PBXBuildFile; fileRef = 052B119DCD35264531FB249A /* AppDelegate.swift */; };
		A60583E4FD9506430F068133 /* RangeView.swift in Sources */ = {isa = PBXBuildFile; fileRef = C67D0867833E2664CA919040 /* RangeView.swift */; };
		A9881998291CEC4D8FDF0538 /* ConfigProvider.swift in Sources */ = {isa = PBXBuildFile; fileRef = 8855A96D9FA0EAD788439CA1 /* ConfigProvider.swift */; };
		AC2C98EEB95830917DE4B2CA /* UploaderView.swift in Sources */ = {isa = PBXBuildFile; fileRef = 5BF493588F1DB45E1F6C5F3B /* UploaderView.swift */; };
		AC38EC510D173EB064E94DBF /* AddressView.swift in Sources */ = {isa = PBXBuildFile; fileRef = AF92DF6DC2897ABCD9C46224 /* AddressView.swift */; };
		ACC0864A442833B9D3AF4430 /* OptionPickerSheetViewController.swift in Sources */ = {isa = PBXBuildFile; fileRef = 24C4336791BDD8FE289677BA /* OptionPickerSheetViewController.swift */; };
		AD9CE78D21BAE2F0F3B804D1 /* HealthDTO.swift in Sources */ = {isa = PBXBuildFile; fileRef = 06845E8809344B546909BDEA /* HealthDTO.swift */; };
		B28005CBA5D50DC53574C6A8 /* Space.swift in Sources */ = {isa = PBXBuildFile; fileRef = DF29FDC740652956F7064440 /* Space.swift */; };
		B8F47C70924FA19867120C8A /* CalendarCardView.swift in Sources */ = {isa = PBXBuildFile; fileRef = 268D1A9BB755DD08B8224FB5 /* CalendarCardView.swift */; };
		BACE0200DD4C475F0E28E99D /* NumberKeyboardView.swift in Sources */ = {isa = PBXBuildFile; fileRef = 8FEFDA42F32EDC147625CD45 /* NumberKeyboardView.swift */; };
		BC3BD15DA815F60F05035EE2 /* CheckboxView.swift in Sources */ = {isa = PBXBuildFile; fileRef = 1353173B333C6B6C24FBF1B3 /* CheckboxView.swift */; };
		C6816D1703F9DD7CEDFC28DE /* SafeAreaView.swift in Sources */ = {isa = PBXBuildFile; fileRef = 206C2FE4EBF73215CC85EC92 /* SafeAreaView.swift */; };
		C6CE776F97807430B1AD6E3C /* ListCell.swift in Sources */ = {isa = PBXBuildFile; fileRef = B9AB119D396F37F5DA978A57 /* ListCell.swift */; };
		C8E94EEFB76666AB629B02A1 /* APIEndpoint.swift in Sources */ = {isa = PBXBuildFile; fileRef = 0942F23F7F9B7AF50C6169A8 /* APIEndpoint.swift */; };
		CA6CC3DCFCE6E9CF4AAB72D5 /* AppIcon.swift in Sources */ = {isa = PBXBuildFile; fileRef = 6D173EBBE290117990FB6D2B /* AppIcon.swift */; };
		CEBF68513ABB2CD95B6B8B9B /* CategoryPickerView.swift in Sources */ = {isa = PBXBuildFile; fileRef = A444A6A371EA9EF7F7A03038 /* CategoryPickerView.swift */; };
		CF13E2F0EFAAC8CD1247A518 /* AppDatabase.swift in Sources */ = {isa = PBXBuildFile; fileRef = 264FB34C55EAF5D933C02801 /* AppDatabase.swift */; };
		D2295DD7E8703BA4CC6B7CEE /* EmptyStateView.swift in Sources */ = {isa = PBXBuildFile; fileRef = F295938F4E6BAC2624AD41C9 /* EmptyStateView.swift */; };
		D4FE8953F9FF27CB364988F5 /* DemoShowcases.swift in Sources */ = {isa = PBXBuildFile; fileRef = C3002759747EA05CF7B9E853 /* DemoShowcases.swift */; };
		D605CB47A572F9A8C1875370 /* ShortPasswordView.swift in Sources */ = {isa = PBXBuildFile; fileRef = 2DD5DECD3942D729EE38A2A0 /* ShortPasswordView.swift */; };
		D617DE01D22C0ECCE9C78F23 /* SnapKit in Frameworks */ = {isa = PBXBuildFile; productRef = 0B443EB238EB50B42166EA1D /* SnapKit */; };
		D8C9728258A9E3654F94E26C /* DatePickerSheetViewController.swift in Sources */ = {isa = PBXBuildFile; fileRef = 5F21711C828F70FB0BD77548 /* DatePickerSheetViewController.swift */; };
		DAE058A4FDC302CFC744745C /* HoverButton.swift in Sources */ = {isa = PBXBuildFile; fileRef = F6C5E445E3E164FA0C35BBFE /* HoverButton.swift */; };
		DED69019404F4F8F17CC62BB /* GRDB in Frameworks */ = {isa = PBXBuildFile; productRef = 2459D72E133FA6C19C5EA514 /* GRDB */; };
		E30F8E4043BEB9FD4FCF4CEE /* ElevatorView.swift in Sources */ = {isa = PBXBuildFile; fileRef = BA4601A45E257F163B431219 /* ElevatorView.swift */; };
		E81AD0C3CFBD04C7415B66D4 /* Image.swift in Sources */ = {isa = PBXBuildFile; fileRef = F8415379828FC7A89E3EDED4 /* Image.swift */; };
		EA57F4DC6F4FAFB5A01379D7 /* Overlay.swift in Sources */ = {isa = PBXBuildFile; fileRef = 9E1C75478994AD561C65338A /* Overlay.swift */; };
		EACD9C4AB942B3B95BF92906 /* StatusBarNavigationController.swift in Sources */ = {isa = PBXBuildFile; fileRef = EB34D2F889141B606A089B40 /* StatusBarNavigationController.swift */; };
		EF068466B6695C2412B5926D /* MenuView.swift in Sources */ = {isa = PBXBuildFile; fileRef = B1CC9D12AEF327F3F0DCF3BE /* MenuView.swift */; };
		F082C3133DE10640D955D202 /* LaunchScreen.storyboard in Resources */ = {isa = PBXBuildFile; fileRef = F9AA827593BC17B2833943FC /* LaunchScreen.storyboard */; };
		F29A612F1F36D150FCB070BC /* SideBarView.swift in Sources */ = {isa = PBXBuildFile; fileRef = 7A9FDF5F402CF5BDAC481F0A /* SideBarView.swift */; };
		F3C4A6B858E50E41D981C443 /* CalendarFormatter.swift in Sources */ = {isa = PBXBuildFile; fileRef = 73C347F4A3C46B5E1B8CAB1D /* CalendarFormatter.swift */; };
		FE345D88FFD69080961CBDBF /* InputNumberView.swift in Sources */ = {isa = PBXBuildFile; fileRef = 117395B0073B2B6D351E469F /* InputNumberView.swift */; };
/* End PBXBuildFile section */

/* Begin PBXFileReference section */
		052B119DCD35264531FB249A /* AppDelegate.swift */ = {isa = PBXFileReference; lastKnownFileType = sourcecode.swift; path = AppDelegate.swift; sourceTree = "<group>"; };
		06845E8809344B546909BDEA /* HealthDTO.swift */ = {isa = PBXFileReference; lastKnownFileType = sourcecode.swift; path = HealthDTO.swift; sourceTree = "<group>"; };
		0942F23F7F9B7AF50C6169A8 /* APIEndpoint.swift */ = {isa = PBXFileReference; lastKnownFileType = sourcecode.swift; path = APIEndpoint.swift; sourceTree = "<group>"; };
		117395B0073B2B6D351E469F /* InputNumberView.swift */ = {isa = PBXFileReference; lastKnownFileType = sourcecode.swift; path = InputNumberView.swift; sourceTree = "<group>"; };
		1353173B333C6B6C24FBF1B3 /* CheckboxView.swift */ = {isa = PBXFileReference; lastKnownFileType = sourcecode.swift; path = CheckboxView.swift; sourceTree = "<group>"; };
		1384B27B30CF0FE17962B66F /* GroupListItem.swift */ = {isa = PBXFileReference; lastKnownFileType = sourcecode.swift; path = GroupListItem.swift; sourceTree = "<group>"; };
		18222E000163BEB383209515 /* FormView.swift */ = {isa = PBXFileReference; lastKnownFileType = sourcecode.swift; path = FormView.swift; sourceTree = "<group>"; };
		1C1401D5C427D8A4826690B1 /* RateView.swift */ = {isa = PBXFileReference; lastKnownFileType = sourcecode.swift; path = RateView.swift; sourceTree = "<group>"; };
		206C2FE4EBF73215CC85EC92 /* SafeAreaView.swift */ = {isa = PBXFileReference; lastKnownFileType = sourcecode.swift; path = SafeAreaView.swift; sourceTree = "<group>"; };
		24C4336791BDD8FE289677BA /* OptionPickerSheetViewController.swift */ = {isa = PBXFileReference; lastKnownFileType = sourcecode.swift; path = OptionPickerSheetViewController.swift; sourceTree = "<group>"; };
		25465F7307A8D784A68E80C1 /* DemoMocks.swift */ = {isa = PBXFileReference; lastKnownFileType = sourcecode.swift; path = DemoMocks.swift; sourceTree = "<group>"; };
		264FB34C55EAF5D933C02801 /* AppDatabase.swift */ = {isa = PBXFileReference; lastKnownFileType = sourcecode.swift; path = AppDatabase.swift; sourceTree = "<group>"; };
		268D1A9BB755DD08B8224FB5 /* CalendarCardView.swift */ = {isa = PBXFileReference; lastKnownFileType = sourcecode.swift; path = CalendarCardView.swift; sourceTree = "<group>"; };
		2DD5DECD3942D729EE38A2A0 /* ShortPasswordView.swift */ = {isa = PBXFileReference; lastKnownFileType = sourcecode.swift; path = ShortPasswordView.swift; sourceTree = "<group>"; };
		3A83A10A8BD3164B98F399AD /* BadgeView.swift */ = {isa = PBXFileReference; lastKnownFileType = sourcecode.swift; path = BadgeView.swift; sourceTree = "<group>"; };
		452574082DBEB5BC4E325F49 /* ActionSheetView.swift */ = {isa = PBXFileReference; lastKnownFileType = sourcecode.swift; path = ActionSheetView.swift; sourceTree = "<group>"; };
		B2C3D4E5F6A7B8C9D0E1F2A3 /* DialogView.swift */ = {isa = PBXFileReference; lastKnownFileType = sourcecode.swift; path = DialogView.swift; sourceTree = "<group>"; };
		B2C3D4E5F6A7B8C9D0E1F2A4 /* DragListView.swift */ = {isa = PBXFileReference; lastKnownFileType = sourcecode.swift; path = DragListView.swift; sourceTree = "<group>"; };
		F2A3B4C5D6E7F8A9B0C1D2E3 /* InfiniteLoadingView.swift */ = {isa = PBXFileReference; lastKnownFileType = sourcecode.swift; path = InfiniteLoadingView.swift; sourceTree = "<group>"; };
		F2A3B4C5D6E7F8A9B0C1D6 /* LoadingView.swift */ = {isa = PBXFileReference; lastKnownFileType = sourcecode.swift; path = LoadingView.swift; sourceTree = "<group>"; };
		F2A3B4C5D6E7F8A9B0C1D8 /* NoticeBarView.swift */ = {isa = PBXFileReference; lastKnownFileType = sourcecode.swift; path = NoticeBarView.swift; sourceTree = "<group>"; };
		F2A3B4C5D6E7F8A9B0C1DA /* NotifyView.swift */ = {isa = PBXFileReference; lastKnownFileType = sourcecode.swift; path = NotifyView.swift; sourceTree = "<group>"; };
		F2A3B4C5D6E7F8A9B0C1DC /* PopoverView.swift */ = {isa = PBXFileReference; lastKnownFileType = sourcecode.swift; path = PopoverView.swift; sourceTree = "<group>"; };
		F2A3B4C5D6E7F8A9B0C1DE /* PopupView.swift */ = {isa = PBXFileReference; lastKnownFileType = sourcecode.swift; path = PopupView.swift; sourceTree = "<group>"; };
		F2A3B4C5D6E7F8A9B0C1E0 /* ResultPageView.swift */ = {isa = PBXFileReference; lastKnownFileType = sourcecode.swift; path = ResultPageView.swift; sourceTree = "<group>"; };
		45B2561A62A1FAF93C38C686 /* Formatters.swift */ = {isa = PBXFileReference; lastKnownFileType = sourcecode.swift; path = Formatters.swift; sourceTree = "<group>"; };
		538FFA7C6388387E57FC73DC /* BackTopButton.swift */ = {isa = PBXFileReference; lastKnownFileType = sourcecode.swift; path = BackTopButton.swift; sourceTree = "<group>"; };
		56144D3FE8D7F55AA21E1D9D /* StickyView.swift */ = {isa = PBXFileReference; lastKnownFileType = sourcecode.swift; path = StickyView.swift; sourceTree = "<group>"; };
		5AC9266A5D4C33CE081B49CC /* FixedNavView.swift */ = {isa = PBXFileReference; lastKnownFileType = sourcecode.swift; path = FixedNavView.swift; sourceTree = "<group>"; };
		5BF493588F1DB45E1F6C5F3B /* UploaderView.swift */ = {isa = PBXFileReference; lastKnownFileType = sourcecode.swift; path = UploaderView.swift; sourceTree = "<group>"; };
		5C72A9BFFF678CD83092A62D /* ZodiacAvatarView.swift */ = {isa = PBXFileReference; lastKnownFileType = sourcecode.swift; path = ZodiacAvatarView.swift; sourceTree = "<group>"; };
		5CF31B70A12CD4631183B369 /* SignatureView.swift */ = {isa = PBXFileReference; lastKnownFileType = sourcecode.swift; path = SignatureView.swift; sourceTree = "<group>"; };
		5F21711C828F70FB0BD77548 /* DatePickerSheetViewController.swift */ = {isa = PBXFileReference; lastKnownFileType = sourcecode.swift; path = DatePickerSheetViewController.swift; sourceTree = "<group>"; };
		6A589C278E94F50DFA31A44F /* Charts */ = {isa = PBXFileReference; lastKnownFileType = folder; name = Charts; path = ../../ios/Vendor/Charts; sourceTree = SOURCE_ROOT; };
		6D173EBBE290117990FB6D2B /* AppIcon.swift */ = {isa = PBXFileReference; lastKnownFileType = sourcecode.swift; path = AppIcon.swift; sourceTree = "<group>"; };
		7137A0598437E37E1681916D /* CascaderView.swift */ = {isa = PBXFileReference; lastKnownFileType = sourcecode.swift; path = CascaderView.swift; sourceTree = "<group>"; };
		73C347F4A3C46B5E1B8CAB1D /* CalendarFormatter.swift */ = {isa = PBXFileReference; lastKnownFileType = sourcecode.swift; path = CalendarFormatter.swift; sourceTree = "<group>"; };
		7605737DB364BA1F0C189E22 /* GRDB.swift */ = {isa = PBXFileReference; lastKnownFileType = folder; name = GRDB.swift; path = ../../ios/Vendor/GRDB.swift; sourceTree = SOURCE_ROOT; };
		7A9FDF5F402CF5BDAC481F0A /* SideBarView.swift */ = {isa = PBXFileReference; lastKnownFileType = sourcecode.swift; path = SideBarView.swift; sourceTree = "<group>"; };
		7EDD760398DE0D5C4A9C5997 /* WebContentViewController.swift */ = {isa = PBXFileReference; lastKnownFileType = sourcecode.swift; path = WebContentViewController.swift; sourceTree = "<group>"; };
		81B80152CEECE8827364A421 /* TrendChartView.swift */ = {isa = PBXFileReference; lastKnownFileType = sourcecode.swift; path = TrendChartView.swift; sourceTree = "<group>"; };
		8746B5BDA005206398294244 /* TextAreaView.swift */ = {isa = PBXFileReference; lastKnownFileType = sourcecode.swift; path = TextAreaView.swift; sourceTree = "<group>"; };
		8855A96D9FA0EAD788439CA1 /* ConfigProvider.swift */ = {isa = PBXFileReference; lastKnownFileType = sourcecode.swift; path = ConfigProvider.swift; sourceTree = "<group>"; };
		8BE7157E8358BD83641702AD /* Layout.swift */ = {isa = PBXFileReference; lastKnownFileType = sourcecode.swift; path = Layout.swift; sourceTree = "<group>"; };
		8C54D7F8239BF55B2F043010 /* SnapKit */ = {isa = PBXFileReference; lastKnownFileType = folder; name = SnapKit; path = ../../ios/Vendor/SnapKit; sourceTree = SOURCE_ROOT; };
		8E836CB28AC03E3ED99EEF45 /* PickerView.swift */ = {isa = PBXFileReference; lastKnownFileType = sourcecode.swift; path = PickerView.swift; sourceTree = "<group>"; };
		8F17F2603BDDFC72B15C7406 /* TabsView.swift */ = {isa = PBXFileReference; lastKnownFileType = sourcecode.swift; path = TabsView.swift; sourceTree = "<group>"; };
		8F3D282267864AB86708A7FC /* NavBar.swift */ = {isa = PBXFileReference; lastKnownFileType = sourcecode.swift; path = NavBar.swift; sourceTree = "<group>"; };
		8FED4353597E9B842647F56A /* Divider.swift */ = {isa = PBXFileReference; lastKnownFileType = sourcecode.swift; path = Divider.swift; sourceTree = "<group>"; };
		8FEFDA42F32EDC147625CD45 /* NumberKeyboardView.swift */ = {isa = PBXFileReference; lastKnownFileType = sourcecode.swift; path = NumberKeyboardView.swift; sourceTree = "<group>"; };
		978BB17F3FAD3ECDAB39B58A /* PullRefreshView.swift */ = {isa = PBXFileReference; lastKnownFileType = sourcecode.swift; path = PullRefreshView.swift; sourceTree = "<group>"; };
		9E1C75478994AD561C65338A /* Overlay.swift */ = {isa = PBXFileReference; lastKnownFileType = sourcecode.swift; path = Overlay.swift; sourceTree = "<group>"; };
		A2341A26182D931C95A7B3E3 /* Alamofire */ = {isa = PBXFileReference; lastKnownFileType = folder; name = Alamofire; path = ../../ios/Vendor/Alamofire; sourceTree = SOURCE_ROOT; };
		A444A6A371EA9EF7F7A03038 /* CategoryPickerView.swift */ = {isa = PBXFileReference; lastKnownFileType = sourcecode.swift; path = CategoryPickerView.swift; sourceTree = "<group>"; };
		AF92DF6DC2897ABCD9C46224 /* AddressView.swift */ = {isa = PBXFileReference; lastKnownFileType = sourcecode.swift; path = AddressView.swift; sourceTree = "<group>"; };
		B1CC9D12AEF327F3F0DCF3BE /* MenuView.swift */ = {isa = PBXFileReference; lastKnownFileType = sourcecode.swift; path = MenuView.swift; sourceTree = "<group>"; };
		B9AB119D396F37F5DA978A57 /* ListCell.swift */ = {isa = PBXFileReference; lastKnownFileType = sourcecode.swift; path = ListCell.swift; sourceTree = "<group>"; };
		BA4601A45E257F163B431219 /* ElevatorView.swift */ = {isa = PBXFileReference; lastKnownFileType = sourcecode.swift; path = ElevatorView.swift; sourceTree = "<group>"; };
		BB0DF74002674A3001F64995 /* PeriodTabsView.swift */ = {isa = PBXFileReference; lastKnownFileType = sourcecode.swift; path = PeriodTabsView.swift; sourceTree = "<group>"; };
		BD534E7B115B6495F8904031 /* SummaryCardView.swift */ = {isa = PBXFileReference; lastKnownFileType = sourcecode.swift; path = SummaryCardView.swift; sourceTree = "<group>"; };
		C3002759747EA05CF7B9E853 /* DemoShowcases.swift */ = {isa = PBXFileReference; lastKnownFileType = sourcecode.swift; path = DemoShowcases.swift; sourceTree = "<group>"; };
		C32327C945EC42E11816BC78 /* SearchBarView.swift */ = {isa = PBXFileReference; lastKnownFileType = sourcecode.swift; path = SearchBarView.swift; sourceTree = "<group>"; };
		C67D0867833E2664CA919040 /* RangeView.swift */ = {isa = PBXFileReference; lastKnownFileType = sourcecode.swift; path = RangeView.swift; sourceTree = "<group>"; };
		C8E867CF4A79AEC489AF173F /* ZhiqihuayunDemo.app */ = {isa = PBXFileReference; includeInIndex = 0; lastKnownFileType = wrapper.application; path = ZhiqihuayunDemo.app; sourceTree = BUILT_PRODUCTS_DIR; };
		CDB7319C2E239CA64A7B33A2 /* InputView.swift */ = {isa = PBXFileReference; lastKnownFileType = sourcecode.swift; path = InputView.swift; sourceTree = "<group>"; };
		CDCEEB6836B6C1BBAD969F6F /* SwitchView.swift */ = {isa = PBXFileReference; lastKnownFileType = sourcecode.swift; path = SwitchView.swift; sourceTree = "<group>"; };
		DB12EE14F6BAC9025495CA13 /* AppTokens.swift */ = {isa = PBXFileReference; lastKnownFileType = sourcecode.swift; path = AppTokens.swift; sourceTree = "<group>"; };
		DE2D8A38CDA5E1EA29759D3E /* GroupList.swift */ = {isa = PBXFileReference; lastKnownFileType = sourcecode.swift; path = GroupList.swift; sourceTree = "<group>"; };
		DF29FDC740652956F7064440 /* Space.swift */ = {isa = PBXFileReference; lastKnownFileType = sourcecode.swift; path = Space.swift; sourceTree = "<group>"; };
		E28CDDC930696CE27921502D /* Grid.swift */ = {isa = PBXFileReference; lastKnownFileType = sourcecode.swift; path = Grid.swift; sourceTree = "<group>"; };
		E2F3DA45E7694551DEEFA6F5 /* Cell.swift */ = {isa = PBXFileReference; lastKnownFileType = sourcecode.swift; path = Cell.swift; sourceTree = "<group>"; };
		E32A3437FCD933CB7DF38C59 /* RadioView.swift */ = {isa = PBXFileReference; lastKnownFileType = sourcecode.swift; path = RadioView.swift; sourceTree = "<group>"; };
		E36A0907C0CF11E9783D53FB /* AppButton.swift */ = {isa = PBXFileReference; lastKnownFileType = sourcecode.swift; path = AppButton.swift; sourceTree = "<group>"; };
		E68BFD488162143861BA49FE /* TabbarView.swift */ = {isa = PBXFileReference; lastKnownFileType = sourcecode.swift; path = TabbarView.swift; sourceTree = "<group>"; };
		EB34D2F889141B606A089B40 /* StatusBarNavigationController.swift */ = {isa = PBXFileReference; lastKnownFileType = sourcecode.swift; path = StatusBarNavigationController.swift; sourceTree = "<group>"; };
		F295938F4E6BAC2624AD41C9 /* EmptyStateView.swift */ = {isa = PBXFileReference; lastKnownFileType = sourcecode.swift; path = EmptyStateView.swift; sourceTree = "<group>"; };
		F34F3AD98F674E7DA1E575E8 /* MockAPIClient.swift */ = {isa = PBXFileReference; lastKnownFileType = sourcecode.swift; path = MockAPIClient.swift; sourceTree = "<group>"; };
		F6C5E445E3E164FA0C35BBFE /* HoverButton.swift */ = {isa = PBXFileReference; lastKnownFileType = sourcecode.swift; path = HoverButton.swift; sourceTree = "<group>"; };
		F8415379828FC7A89E3EDED4 /* Image.swift */ = {isa = PBXFileReference; lastKnownFileType = sourcecode.swift; path = Image.swift; sourceTree = "<group>"; };
		F9AA827593BC17B2833943FC /* LaunchScreen.storyboard */ = {isa = PBXFileReference; lastKnownFileType = file.storyboard; path = LaunchScreen.storyboard; sourceTree = "<group>"; };
/* End PBXFileReference section */

/* Begin PBXFrameworksBuildPhase section */
		F4874F06AD939EDC5A84D7FA /* Frameworks */ = {
			isa = PBXFrameworksBuildPhase;
			buildActionMask = 2147483647;
			files = (
				D617DE01D22C0ECCE9C78F23 /* SnapKit in Frameworks */,
				22FF1D0AF3CDF525669996F2 /* Charts in Frameworks */,
				DED69019404F4F8F17CC62BB /* GRDB in Frameworks */,
				77784848AE80919C6DF2812A /* Alamofire in Frameworks */,
			);
			runOnlyForDeploymentPostprocessing = 0;
		};
/* End PBXFrameworksBuildPhase section */

/* Begin PBXGroup section */
		257419A635F647C36D3094A8 = {
			isa = PBXGroup;
			children = (
				3DC5A9F19230973B9F10C5F4 /* DemoApp */,
				7C0031681693401AA1C0FD71 /* Native-UI-Comps */,
				85D05DD53FE9488B0A12C2F0 /* Packages */,
				56080097950D512FBE9D005F /* Resources */,
				9D8613AA65E725C8E0957542 /* Products */,
			);
			sourceTree = "<group>";
		};
		37B176096464ADBB7CD2EAD9 /* Components */ = {
			isa = PBXGroup;
			children = (
				452574082DBEB5BC4E325F49 /* ActionSheetView.swift */,
				B2C3D4E5F6A7B8C9D0E1F2A3 /* DialogView.swift */,
				B2C3D4E5F6A7B8C9D0E1F2A4 /* DragListView.swift */,
				F2A3B4C5D6E7F8A9B0C1D2E3 /* InfiniteLoadingView.swift */,
				F2A3B4C5D6E7F8A9B0C1D6 /* LoadingView.swift */,
				F2A3B4C5D6E7F8A9B0C1D8 /* NoticeBarView.swift */,
				F2A3B4C5D6E7F8A9B0C1DA /* NotifyView.swift */,
				F2A3B4C5D6E7F8A9B0C1DC /* PopoverView.swift */,
				F2A3B4C5D6E7F8A9B0C1DE /* PopupView.swift */,
				F2A3B4C5D6E7F8A9B0C1E0 /* ResultPageView.swift */,
				AF92DF6DC2897ABCD9C46224 /* AddressView.swift */,
				E36A0907C0CF11E9783D53FB /* AppButton.swift */,
				6D173EBBE290117990FB6D2B /* AppIcon.swift */,
				538FFA7C6388387E57FC73DC /* BackTopButton.swift */,
				3A83A10A8BD3164B98F399AD /* BadgeView.swift */,
				268D1A9BB755DD08B8224FB5 /* CalendarCardView.swift */,
				7137A0598437E37E1681916D /* CascaderView.swift */,
				A444A6A371EA9EF7F7A03038 /* CategoryPickerView.swift */,
				E2F3DA45E7694551DEEFA6F5 /* Cell.swift */,
				1353173B333C6B6C24FBF1B3 /* CheckboxView.swift */,
				8855A96D9FA0EAD788439CA1 /* ConfigProvider.swift */,
				5F21711C828F70FB0BD77548 /* DatePickerSheetViewController.swift */,
				8FED4353597E9B842647F56A /* Divider.swift */,
				BA4601A45E257F163B431219 /* ElevatorView.swift */,
				F295938F4E6BAC2624AD41C9 /* EmptyStateView.swift */,
				5AC9266A5D4C33CE081B49CC /* FixedNavView.swift */,
				18222E000163BEB383209515 /* FormView.swift */,
				E28CDDC930696CE27921502D /* Grid.swift */,
				DE2D8A38CDA5E1EA29759D3E /* GroupList.swift */,
				1384B27B30CF0FE17962B66F /* GroupListItem.swift */,
				F6C5E445E3E164FA0C35BBFE /* HoverButton.swift */,
				F8415379828FC7A89E3EDED4 /* Image.swift */,
				117395B0073B2B6D351E469F /* InputNumberView.swift */,
				CDB7319C2E239CA64A7B33A2 /* InputView.swift */,
				8BE7157E8358BD83641702AD /* Layout.swift */,
				B9AB119D396F37F5DA978A57 /* ListCell.swift */,
				B1CC9D12AEF327F3F0DCF3BE /* MenuView.swift */,
				8F3D282267864AB86708A7FC /* NavBar.swift */,
				8FEFDA42F32EDC147625CD45 /* NumberKeyboardView.swift */,
				24C4336791BDD8FE289677BA /* OptionPickerSheetViewController.swift */,
				9E1C75478994AD561C65338A /* Overlay.swift */,
				BB0DF74002674A3001F64995 /* PeriodTabsView.swift */,
				8E836CB28AC03E3ED99EEF45 /* PickerView.swift */,
				978BB17F3FAD3ECDAB39B58A /* PullRefreshView.swift */,
				E32A3437FCD933CB7DF38C59 /* RadioView.swift */,
				C67D0867833E2664CA919040 /* RangeView.swift */,
				1C1401D5C427D8A4826690B1 /* RateView.swift */,
				206C2FE4EBF73215CC85EC92 /* SafeAreaView.swift */,
				C32327C945EC42E11816BC78 /* SearchBarView.swift */,
				2DD5DECD3942D729EE38A2A0 /* ShortPasswordView.swift */,
				7A9FDF5F402CF5BDAC481F0A /* SideBarView.swift */,
				5CF31B70A12CD4631183B369 /* SignatureView.swift */,
				DF29FDC740652956F7064440 /* Space.swift */,
				56144D3FE8D7F55AA21E1D9D /* StickyView.swift */,
				BD534E7B115B6495F8904031 /* SummaryCardView.swift */,
				CDCEEB6836B6C1BBAD969F6F /* SwitchView.swift */,
				E68BFD488162143861BA49FE /* TabbarView.swift */,
				8F17F2603BDDFC72B15C7406 /* TabsView.swift */,
				8746B5BDA005206398294244 /* TextAreaView.swift */,
				81B80152CEECE8827364A421 /* TrendChartView.swift */,
				5BF493588F1DB45E1F6C5F3B /* UploaderView.swift */,
				7EDD760398DE0D5C4A9C5997 /* WebContentViewController.swift */,
				5C72A9BFFF678CD83092A62D /* ZodiacAvatarView.swift */,
			);
			path = Components;
			sourceTree = "<group>";
		};
		3B8ADC9EE123D2C7CC745C42 /* DTO */ = {
			isa = PBXGroup;
			children = (
				06845E8809344B546909BDEA /* HealthDTO.swift */,
			);
			path = DTO;
			sourceTree = "<group>";
		};
		3DC5A9F19230973B9F10C5F4 /* DemoApp */ = {
			isa = PBXGroup;
			children = (
				052B119DCD35264531FB249A /* AppDelegate.swift */,
				25465F7307A8D784A68E80C1 /* DemoMocks.swift */,
				C3002759747EA05CF7B9E853 /* DemoShowcases.swift */,
			);
			path = DemoApp;
			sourceTree = "<group>";
		};
		56080097950D512FBE9D005F /* Resources */ = {
			isa = PBXGroup;
			children = (
				F9AA827593BC17B2833943FC /* LaunchScreen.storyboard */,
			);
			path = Resources;
			sourceTree = "<group>";
		};
		57BF1637B8C733ACB9E6B377 /* SystemBars */ = {
			isa = PBXGroup;
			children = (
				EB34D2F889141B606A089B40 /* StatusBarNavigationController.swift */,
			);
			path = SystemBars;
			sourceTree = "<group>";
		};
		684BA6B879BCE809DD6EA6AD /* Foundation */ = {
			isa = PBXGroup;
			children = (
				834C098E24BDFBC0CFE14093 /* Design */,
				B1F798C679097C5590FF377A /* Network */,
				AE62E497757637A3596B5817 /* Storage */,
				57BF1637B8C733ACB9E6B377 /* SystemBars */,
				E12A96421A4F3714E33DAB55 /* Util */,
			);
			path = Foundation;
			sourceTree = "<group>";
		};
		6FC4ABB157A25B61EF88C5CE /* SharedUI */ = {
			isa = PBXGroup;
			children = (
				37B176096464ADBB7CD2EAD9 /* Components */,
			);
			path = SharedUI;
			sourceTree = "<group>";
		};
		7C0031681693401AA1C0FD71 /* Native-UI-Comps */ = {
			isa = PBXGroup;
			children = (
				A092C5A5CEB9AF158FFF2C5E /* ios */,
			);
			name = "Native-UI-Comps";
			path = ../..;
			sourceTree = "<group>";
		};
		834C098E24BDFBC0CFE14093 /* Design */ = {
			isa = PBXGroup;
			children = (
				DB12EE14F6BAC9025495CA13 /* AppTokens.swift */,
			);
			path = Design;
			sourceTree = "<group>";
		};
		85D05DD53FE9488B0A12C2F0 /* Packages */ = {
			isa = PBXGroup;
			children = (
				A2341A26182D931C95A7B3E3 /* Alamofire */,
				6A589C278E94F50DFA31A44F /* Charts */,
				7605737DB364BA1F0C189E22 /* GRDB.swift */,
				8C54D7F8239BF55B2F043010 /* SnapKit */,
			);
			name = Packages;
			sourceTree = "<group>";
		};
		9D8613AA65E725C8E0957542 /* Products */ = {
			isa = PBXGroup;
			children = (
				C8E867CF4A79AEC489AF173F /* ZhiqihuayunDemo.app */,
			);
			name = Products;
			sourceTree = "<group>";
		};
		A092C5A5CEB9AF158FFF2C5E /* ios */ = {
			isa = PBXGroup;
			children = (
				CF57F9F86F1FC3D3AD797391 /* .swiftpm */,
				684BA6B879BCE809DD6EA6AD /* Foundation */,
				6FC4ABB157A25B61EF88C5CE /* SharedUI */,
			);
			path = ios;
			sourceTree = "<group>";
		};
		AE62E497757637A3596B5817 /* Storage */ = {
			isa = PBXGroup;
			children = (
				264FB34C55EAF5D933C02801 /* AppDatabase.swift */,
			);
			path = Storage;
			sourceTree = "<group>";
		};
		B1F798C679097C5590FF377A /* Network */ = {
			isa = PBXGroup;
			children = (
				F34F3AD98F674E7DA1E575E8 /* MockAPIClient.swift */,
				3B8ADC9EE123D2C7CC745C42 /* DTO */,
				FFCCCD1324DF9190845047C3 /* Endpoints */,
			);
			path = Network;
			sourceTree = "<group>";
		};
		CF57F9F86F1FC3D3AD797391 /* .swiftpm */ = {
			isa = PBXGroup;
			children = (
			);
			path = .swiftpm;
			sourceTree = "<group>";
		};
		E12A96421A4F3714E33DAB55 /* Util */ = {
			isa = PBXGroup;
			children = (
				73C347F4A3C46B5E1B8CAB1D /* CalendarFormatter.swift */,
				45B2561A62A1FAF93C38C686 /* Formatters.swift */,
			);
			path = Util;
			sourceTree = "<group>";
		};
		FFCCCD1324DF9190845047C3 /* Endpoints */ = {
			isa = PBXGroup;
			children = (
				0942F23F7F9B7AF50C6169A8 /* APIEndpoint.swift */,
			);
			path = Endpoints;
			sourceTree = "<group>";
		};
/* End PBXGroup section */

/* Begin PBXNativeTarget section */
		24FD254C63D30BF13DC3D3F1 /* ZhiqihuayunDemo */ = {
			isa = PBXNativeTarget;
			buildConfigurationList = 43E31D904CE3209835BDE1FD /* Build configuration list for PBXNativeTarget "ZhiqihuayunDemo" */;
			buildPhases = (
				79F6270785D51F8CDE3CB0F9 /* Sources */,
				9BD3BE2799A7BEEB0A1771E1 /* Resources */,
				F4874F06AD939EDC5A84D7FA /* Frameworks */,
			);
			buildRules = (
			);
			dependencies = (
			);
			name = ZhiqihuayunDemo;
			packageProductDependencies = (
				0B443EB238EB50B42166EA1D /* SnapKit */,
				A1BB258859A836B00224FD3E /* Charts */,
				2459D72E133FA6C19C5EA514 /* GRDB */,
				A1937672A8F1834D8E28B01B /* Alamofire */,
			);
			productName = ZhiqihuayunDemo;
			productReference = C8E867CF4A79AEC489AF173F /* ZhiqihuayunDemo.app */;
			productType = "com.apple.product-type.application";
		};
/* End PBXNativeTarget section */

/* Begin PBXProject section */
		1D5F4C7648DB957FDA91BD4A /* Project object */ = {
			isa = PBXProject;
			attributes = {
				BuildIndependentTargetsInParallel = YES;
				LastUpgradeCheck = 1400;
				TargetAttributes = {
				};
			};
			buildConfigurationList = 05C6868361511171549FF2E1 /* Build configuration list for PBXProject "ZhiqihuayunDemo" */;
			compatibilityVersion = "Xcode 14.0";
			developmentRegion = en;
			hasScannedForEncodings = 0;
			knownRegions = (
				Base,
				en,
			);
			mainGroup = 257419A635F647C36D3094A8;
			packageReferences = (
				0FD7F7318CCED65A6B4072EA /* XCLocalSwiftPackageReference "../../ios/Vendor/Alamofire" */,
				DC7AE7944997D49636EB1A72 /* XCLocalSwiftPackageReference "../../ios/Vendor/Charts" */,
				EED160B0C86B5A908D1AB15B /* XCLocalSwiftPackageReference "../../ios/Vendor/GRDB.swift" */,
				C4B156A3D6F0F86D2864F55A /* XCLocalSwiftPackageReference "../../ios/Vendor/SnapKit" */,
			);
			projectDirPath = "";
			projectRoot = "";
			targets = (
				24FD254C63D30BF13DC3D3F1 /* ZhiqihuayunDemo */,
			);
		};
/* End PBXProject section */

/* Begin PBXResourcesBuildPhase section */
		9BD3BE2799A7BEEB0A1771E1 /* Resources */ = {
			isa = PBXResourcesBuildPhase;
			buildActionMask = 2147483647;
			files = (
				F082C3133DE10640D955D202 /* LaunchScreen.storyboard in Resources */,
			);
			runOnlyForDeploymentPostprocessing = 0;
		};
/* End PBXResourcesBuildPhase section */

/* Begin PBXSourcesBuildPhase section */
		79F6270785D51F8CDE3CB0F9 /* Sources */ = {
			isa = PBXSourcesBuildPhase;
			buildActionMask = 2147483647;
			files = (
				C8E94EEFB76666AB629B02A1 /* APIEndpoint.swift in Sources */,
				198B5ECCC1B507ABFE82269C /* ActionSheetView.swift in Sources */,
				A1B2C3D4E5F6A7B8C9D0E1F2 /* DialogView.swift in Sources */,
				A1B2C3D4E5F6A7B8C9D0E1F3 /* DragListView.swift in Sources */,
				E1F2A3B4C5D6E7F8A9B0C1D2 /* InfiniteLoadingView.swift in Sources */,
				E1F2A3B4C5D6E7F8A9B0C1D5 /* LoadingView.swift in Sources */,
				E1F2A3B4C5D6E7F8A9B0C1D7 /* NoticeBarView.swift in Sources */,
				E1F2A3B4C5D6E7F8A9B0C1D9 /* NotifyView.swift in Sources */,
				E1F2A3B4C5D6E7F8A9B0C1DB /* PopoverView.swift in Sources */,
				E1F2A3B4C5D6E7F8A9B0C1DD /* PopupView.swift in Sources */,
				E1F2A3B4C5D6E7F8A9B0C1DF /* ResultPageView.swift in Sources */,
				E3F4B5C6D7E8F9A0B1C2D3E1 /* SkeletonView.swift in Sources */,
				AC38EC510D173EB064E94DBF /* AddressView.swift in Sources */,
				12A2A02B2B7C1DCC3F8762C4 /* AppButton.swift in Sources */,
				CF13E2F0EFAAC8CD1247A518 /* AppDatabase.swift in Sources */,
				A574AF3025E01091510DBD32 /* AppDelegate.swift in Sources */,
				CA6CC3DCFCE6E9CF4AAB72D5 /* AppIcon.swift in Sources */,
				5777E2BB1E9B4D66D6BD7D1C /* AppTokens.swift in Sources */,
				2AE7010DEAB2D58E00E89317 /* BackTopButton.swift in Sources */,
				829D9756DCAA7943139F2477 /* BadgeView.swift in Sources */,
				B8F47C70924FA19867120C8A /* CalendarCardView.swift in Sources */,
				F3C4A6B858E50E41D981C443 /* CalendarFormatter.swift in Sources */,
				A1671D4FAE88DA5E6F34F1C5 /* CascaderView.swift in Sources */,
				CEBF68513ABB2CD95B6B8B9B /* CategoryPickerView.swift in Sources */,
				0606875593120BC38493C1E0 /* Cell.swift in Sources */,
				BC3BD15DA815F60F05035EE2 /* CheckboxView.swift in Sources */,
				A9881998291CEC4D8FDF0538 /* ConfigProvider.swift in Sources */,
				D8C9728258A9E3654F94E26C /* DatePickerSheetViewController.swift in Sources */,
				1F0CE2342A174F4717DC0FA2 /* DemoMocks.swift in Sources */,
				D4FE8953F9FF27CB364988F5 /* DemoShowcases.swift in Sources */,
				7867E75E0807F965C4EFBFFE /* Divider.swift in Sources */,
				E30F8E4043BEB9FD4FCF4CEE /* ElevatorView.swift in Sources */,
				D2295DD7E8703BA4CC6B7CEE /* EmptyStateView.swift in Sources */,
				2DBC2739FEC773B4182DE481 /* FixedNavView.swift in Sources */,
				58505B9DCE25391BB7C4FEB3 /* FormView.swift in Sources */,
				894133E493AF6AC796F7417C /* Formatters.swift in Sources */,
				174C53D2052016DCBFE1AFCC /* Grid.swift in Sources */,
				0E1F4539D228B41BF254E120 /* GroupList.swift in Sources */,
				0B22235F8B087F10A8C4A962 /* GroupListItem.swift in Sources */,
				AD9CE78D21BAE2F0F3B804D1 /* HealthDTO.swift in Sources */,
				DAE058A4FDC302CFC744745C /* HoverButton.swift in Sources */,
				E81AD0C3CFBD04C7415B66D4 /* Image.swift in Sources */,
				FE345D88FFD69080961CBDBF /* InputNumberView.swift in Sources */,
				42D988768ED66983174C0FC9 /* InputView.swift in Sources */,
				107150351CB8F585F9DBE023 /* Layout.swift in Sources */,
				C6CE776F97807430B1AD6E3C /* ListCell.swift in Sources */,
				EF068466B6695C2412B5926D /* MenuView.swift in Sources */,
				286F72795C5D0F38B4ADEDCD /* MockAPIClient.swift in Sources */,
				5FCD3AEEF0DF02926A7F4B94 /* NavBar.swift in Sources */,
				BACE0200DD4C475F0E28E99D /* NumberKeyboardView.swift in Sources */,
				ACC0864A442833B9D3AF4430 /* OptionPickerSheetViewController.swift in Sources */,
				EA57F4DC6F4FAFB5A01379D7 /* Overlay.swift in Sources */,
				79F91CCE9C91D490B72977B7 /* PeriodTabsView.swift in Sources */,
				6753220B8C6D7CFE662C0BFC /* PickerView.swift in Sources */,
				2B5949F9894171578AEE0C72 /* PullRefreshView.swift in Sources */,
				7B18F5455AC4A01E246B4C16 /* RadioView.swift in Sources */,
				A60583E4FD9506430F068133 /* RangeView.swift in Sources */,
				98E3DABFEB8F8122ADB5D016 /* RateView.swift in Sources */,
				C6816D1703F9DD7CEDFC28DE /* SafeAreaView.swift in Sources */,
				901CA5C72516E25D9A29BC5D /* SearchBarView.swift in Sources */,
				D605CB47A572F9A8C1875370 /* ShortPasswordView.swift in Sources */,
				F29A612F1F36D150FCB070BC /* SideBarView.swift in Sources */,
				9C7D3CAF77F36BDF9C450798 /* SignatureView.swift in Sources */,
				B28005CBA5D50DC53574C6A8 /* Space.swift in Sources */,
				EACD9C4AB942B3B95BF92906 /* StatusBarNavigationController.swift in Sources */,
				79C43BC8AB52D09DA37CCEA6 /* StickyView.swift in Sources */,
				13BCCC89E28C0FC6B2308C6C /* SummaryCardView.swift in Sources */,
				2E488BD04070D0F5517AB7B0 /* SwitchView.swift in Sources */,
				636E8C175ABF21B6AE0573AB /* TabbarView.swift in Sources */,
				1EB05D2B72FE2F73026A8AB6 /* TabsView.swift in Sources */,
				1ED78C57736500A4B1917AF0 /* TextAreaView.swift in Sources */,
				999A4F9080E1EC566009EA15 /* TrendChartView.swift in Sources */,
				AC2C98EEB95830917DE4B2CA /* UploaderView.swift in Sources */,
				5C6F236DD1355D59DB9EBF78 /* WebContentViewController.swift in Sources */,
				5A56CCEB59E3697DAE2F2DC0 /* ZodiacAvatarView.swift in Sources */,
			);
			runOnlyForDeploymentPostprocessing = 0;
		};
/* End PBXSourcesBuildPhase section */

/* Begin XCBuildConfiguration section */
		4D308BCFE3D4A62A6F3B946D /* Debug */ = {
			isa = XCBuildConfiguration;
			buildSettings = {
				ASSETCATALOG_COMPILER_APPICON_NAME = AppIcon;
				CODE_SIGN_IDENTITY = "iPhone Developer";
				GENERATE_INFOPLIST_FILE = NO;
				INFOPLIST_FILE = Resources/Info.plist;
				LD_RUNPATH_SEARCH_PATHS = (
					"$(inherited)",
					"@executable_path/Frameworks",
				);
				PRODUCT_BUNDLE_IDENTIFIER = com.zhiqihuayun.demo;
				PRODUCT_NAME = ZhiqihuayunDemo;
				SDKROOT = iphoneos;
				TARGETED_DEVICE_FAMILY = "1,2";
			};
			name = Debug;
		};
		5D87FADFDA62F012FD9D055D /* Release */ = {
			isa = XCBuildConfiguration;
			buildSettings = {
				ASSETCATALOG_COMPILER_APPICON_NAME = AppIcon;
				CODE_SIGN_IDENTITY = "iPhone Developer";
				GENERATE_INFOPLIST_FILE = NO;
				INFOPLIST_FILE = Resources/Info.plist;
				LD_RUNPATH_SEARCH_PATHS = (
					"$(inherited)",
					"@executable_path/Frameworks",
				);
				PRODUCT_BUNDLE_IDENTIFIER = com.zhiqihuayun.demo;
				PRODUCT_NAME = ZhiqihuayunDemo;
				SDKROOT = iphoneos;
				TARGETED_DEVICE_FAMILY = "1,2";
			};
			name = Release;
		};
		A320194BDE3C6849D26B3D2B /* Release */ = {
			isa = XCBuildConfiguration;
			buildSettings = {
				ALWAYS_SEARCH_USER_PATHS = NO;
				CLANG_ANALYZER_NONNULL = YES;
				CLANG_ANALYZER_NUMBER_OBJECT_CONVERSION = YES_AGGRESSIVE;
				CLANG_CXX_LANGUAGE_STANDARD = "gnu++14";
				CLANG_CXX_LIBRARY = "libc++";
				CLANG_ENABLE_MODULES = YES;
				CLANG_ENABLE_OBJC_ARC = YES;
				CLANG_ENABLE_OBJC_WEAK = YES;
				CLANG_WARN_BLOCK_CAPTURE_AUTORELEASING = YES;
				CLANG_WARN_BOOL_CONVERSION = YES;
				CLANG_WARN_COMMA = YES;
				CLANG_WARN_CONSTANT_CONVERSION = YES;
				CLANG_WARN_DEPRECATED_OBJC_IMPLEMENTATIONS = YES;
				CLANG_WARN_DIRECT_OBJC_ISA_USAGE = YES_ERROR;
				CLANG_WARN_DOCUMENTATION_COMMENTS = YES;
				CLANG_WARN_EMPTY_BODY = YES;
				CLANG_WARN_ENUM_CONVERSION = YES;
				CLANG_WARN_INFINITE_RECURSION = YES;
				CLANG_WARN_INT_CONVERSION = YES;
				CLANG_WARN_NON_LITERAL_NULL_CONVERSION = YES;
				CLANG_WARN_OBJC_IMPLICIT_RETAIN_SELF = YES;
				CLANG_WARN_OBJC_LITERAL_CONVERSION = YES;
				CLANG_WARN_OBJC_ROOT_CLASS = YES_ERROR;
				CLANG_WARN_QUOTED_INCLUDE_IN_FRAMEWORK_HEADER = YES;
				CLANG_WARN_RANGE_LOOP_ANALYSIS = YES;
				CLANG_WARN_STRICT_PROTOTYPES = YES;
				CLANG_WARN_SUSPICIOUS_MOVE = YES;
				CLANG_WARN_UNGUARDED_AVAILABILITY = YES_AGGRESSIVE;
				CLANG_WARN_UNREACHABLE_CODE = YES;
				CLANG_WARN__DUPLICATE_METHOD_MATCH = YES;
				COPY_PHASE_STRIP = NO;
				CURRENT_PROJECT_VERSION = 1;
				DEBUG_INFORMATION_FORMAT = "dwarf-with-dsym";
				ENABLE_NS_ASSERTIONS = NO;
				ENABLE_STRICT_OBJC_MSGSEND = YES;
				GCC_C_LANGUAGE_STANDARD = gnu11;
				GCC_NO_COMMON_BLOCKS = YES;
				GCC_WARN_64_TO_32_BIT_CONVERSION = YES;
				GCC_WARN_ABOUT_RETURN_TYPE = YES_ERROR;
				GCC_WARN_UNDECLARED_SELECTOR = YES;
				GCC_WARN_UNINITIALIZED_AUTOS = YES_AGGRESSIVE;
				GCC_WARN_UNUSED_FUNCTION = YES;
				GCC_WARN_UNUSED_VARIABLE = YES;
				IPHONEOS_DEPLOYMENT_TARGET = 16.0;
				MARKETING_VERSION = 0.1.0;
				MTL_ENABLE_DEBUG_INFO = NO;
				MTL_FAST_MATH = YES;
				PRODUCT_NAME = "$(TARGET_NAME)";
				SDKROOT = iphoneos;
				SWIFT_COMPILATION_MODE = wholemodule;
				SWIFT_OPTIMIZATION_LEVEL = "-O";
				SWIFT_VERSION = 5.0;
				TARGETED_DEVICE_FAMILY = 1;
			};
			name = Release;
		};
		E1C3BF4EF34BADC2C42EBBB3 /* Debug */ = {
			isa = XCBuildConfiguration;
			buildSettings = {
				ALWAYS_SEARCH_USER_PATHS = NO;
				CLANG_ANALYZER_NONNULL = YES;
				CLANG_ANALYZER_NUMBER_OBJECT_CONVERSION = YES_AGGRESSIVE;
				CLANG_CXX_LANGUAGE_STANDARD = "gnu++14";
				CLANG_CXX_LIBRARY = "libc++";
				CLANG_ENABLE_MODULES = YES;
				CLANG_ENABLE_OBJC_ARC = YES;
				CLANG_ENABLE_OBJC_WEAK = YES;
				CLANG_WARN_BLOCK_CAPTURE_AUTORELEASING = YES;
				CLANG_WARN_BOOL_CONVERSION = YES;
				CLANG_WARN_COMMA = YES;
				CLANG_WARN_CONSTANT_CONVERSION = YES;
				CLANG_WARN_DEPRECATED_OBJC_IMPLEMENTATIONS = YES;
				CLANG_WARN_DIRECT_OBJC_ISA_USAGE = YES_ERROR;
				CLANG_WARN_DOCUMENTATION_COMMENTS = YES;
				CLANG_WARN_EMPTY_BODY = YES;
				CLANG_WARN_ENUM_CONVERSION = YES;
				CLANG_WARN_INFINITE_RECURSION = YES;
				CLANG_WARN_INT_CONVERSION = YES;
				CLANG_WARN_NON_LITERAL_NULL_CONVERSION = YES;
				CLANG_WARN_OBJC_IMPLICIT_RETAIN_SELF = YES;
				CLANG_WARN_OBJC_LITERAL_CONVERSION = YES;
				CLANG_WARN_OBJC_ROOT_CLASS = YES_ERROR;
				CLANG_WARN_QUOTED_INCLUDE_IN_FRAMEWORK_HEADER = YES;
				CLANG_WARN_RANGE_LOOP_ANALYSIS = YES;
				CLANG_WARN_STRICT_PROTOTYPES = YES;
				CLANG_WARN_SUSPICIOUS_MOVE = YES;
				CLANG_WARN_UNGUARDED_AVAILABILITY = YES_AGGRESSIVE;
				CLANG_WARN_UNREACHABLE_CODE = YES;
				CLANG_WARN__DUPLICATE_METHOD_MATCH = YES;
				COPY_PHASE_STRIP = NO;
				CURRENT_PROJECT_VERSION = 1;
				DEBUG_INFORMATION_FORMAT = dwarf;
				ENABLE_STRICT_OBJC_MSGSEND = YES;
				ENABLE_TESTABILITY = YES;
				GCC_C_LANGUAGE_STANDARD = gnu11;
				GCC_DYNAMIC_NO_PIC = NO;
				GCC_NO_COMMON_BLOCKS = YES;
				GCC_OPTIMIZATION_LEVEL = 0;
				GCC_PREPROCESSOR_DEFINITIONS = (
					"$(inherited)",
					"DEBUG=1",
				);
				GCC_WARN_64_TO_32_BIT_CONVERSION = YES;
				GCC_WARN_ABOUT_RETURN_TYPE = YES_ERROR;
				GCC_WARN_UNDECLARED_SELECTOR = YES;
				GCC_WARN_UNINITIALIZED_AUTOS = YES_AGGRESSIVE;
				GCC_WARN_UNUSED_FUNCTION = YES;
				GCC_WARN_UNUSED_VARIABLE = YES;
				IPHONEOS_DEPLOYMENT_TARGET = 16.0;
				MARKETING_VERSION = 0.1.0;
				MTL_ENABLE_DEBUG_INFO = INCLUDE_SOURCE;
				MTL_FAST_MATH = YES;
				ONLY_ACTIVE_ARCH = YES;
				PRODUCT_NAME = "$(TARGET_NAME)";
				SDKROOT = iphoneos;
				SWIFT_ACTIVE_COMPILATION_CONDITIONS = DEBUG;
				SWIFT_OPTIMIZATION_LEVEL = "-Onone";
				SWIFT_VERSION = 5.0;
				TARGETED_DEVICE_FAMILY = 1;
			};
			name = Debug;
		};
/* End XCBuildConfiguration section */

/* Begin XCConfigurationList section */
		05C6868361511171549FF2E1 /* Build configuration list for PBXProject "ZhiqihuayunDemo" */ = {
			isa = XCConfigurationList;
			buildConfigurations = (
				E1C3BF4EF34BADC2C42EBBB3 /* Debug */,
				A320194BDE3C6849D26B3D2B /* Release */,
			);
			defaultConfigurationIsVisible = 0;
			defaultConfigurationName = Debug;
		};
		43E31D904CE3209835BDE1FD /* Build configuration list for PBXNativeTarget "ZhiqihuayunDemo" */ = {
			isa = XCConfigurationList;
			buildConfigurations = (
				4D308BCFE3D4A62A6F3B946D /* Debug */,
				5D87FADFDA62F012FD9D055D /* Release */,
			);
			defaultConfigurationIsVisible = 0;
			defaultConfigurationName = Debug;
		};
/* End XCConfigurationList section */

/* Begin XCLocalSwiftPackageReference section */
		0FD7F7318CCED65A6B4072EA /* XCLocalSwiftPackageReference "../../ios/Vendor/Alamofire" */ = {
			isa = XCLocalSwiftPackageReference;
			relativePath = ../../ios/Vendor/Alamofire;
		};
		C4B156A3D6F0F86D2864F55A /* XCLocalSwiftPackageReference "../../ios/Vendor/SnapKit" */ = {
			isa = XCLocalSwiftPackageReference;
			relativePath = ../../ios/Vendor/SnapKit;
		};
		DC7AE7944997D49636EB1A72 /* XCLocalSwiftPackageReference "../../ios/Vendor/Charts" */ = {
			isa = XCLocalSwiftPackageReference;
			relativePath = ../../ios/Vendor/Charts;
		};
		EED160B0C86B5A908D1AB15B /* XCLocalSwiftPackageReference "../../ios/Vendor/GRDB.swift" */ = {
			isa = XCLocalSwiftPackageReference;
			relativePath = ../../ios/Vendor/GRDB.swift;
		};
/* End XCLocalSwiftPackageReference section */

/* Begin XCSwiftPackageProductDependency section */
		0B443EB238EB50B42166EA1D /* SnapKit */ = {
			isa = XCSwiftPackageProductDependency;
			productName = SnapKit;
		};
		2459D72E133FA6C19C5EA514 /* GRDB */ = {
			isa = XCSwiftPackageProductDependency;
			productName = GRDB;
		};
		A1937672A8F1834D8E28B01B /* Alamofire */ = {
			isa = XCSwiftPackageProductDependency;
			productName = Alamofire;
		};
		A1BB258859A836B00224FD3E /* Charts */ = {
			isa = XCSwiftPackageProductDependency;
			productName = Charts;
		};
/* End XCSwiftPackageProductDependency section */
	};
	rootObject = 1D5F4C7648DB957FDA91BD4A /* Project object */;
}
